Microsoft Visual Studio Solution File, Format Version 12.00
# Visual Studio Version 17
VisualStudioVersion = 17.5.2.0
MinimumVisualStudioVersion = 10.0.40219.1
Project("{2150E333-8FDC-42A3-9474-1A3956D46DE8}") = "akmazBackend", "akmazBackend", "{282354E7-D5C3-9ABC-C66B-21ED65696EE5}"
EndProject
Project("{FAE04EC0-301F-11D3-BF4B-00C04F79EFBC}") = "AkmazBackend", "akmazBackend\AkmazBackend\AkmazBackend.csproj", "{70E81EEC-2D9B-29D2-A4AA-DB1DAB681AED}"
EndProject
Global
	GlobalSection(SolutionConfigurationPlatforms) = preSolution
		Debug|Any CPU = Debug|Any CPU
		Release|Any CPU = Release|Any CPU
	EndGlobalSection
	GlobalSection(ProjectConfigurationPlatforms) = postSolution
		{70E81EEC-2D9B-29D2-A4AA-DB1DAB681AED}.Debug|Any CPU.ActiveCfg = Debug|Any CPU
		{70E81EEC-2D9B-29D2-A4AA-DB1DAB681AED}.Debug|Any CPU.Build.0 = Debug|Any CPU
		{70E81EEC-2D9B-29D2-A4AA-DB1DAB681AED}.Release|Any CPU.ActiveCfg = Release|Any CPU
		{70E81EEC-2D9B-29D2-A4AA-DB1DAB681AED}.Release|Any CPU.Build.0 = Release|Any CPU
	EndGlobalSection
	GlobalSection(SolutionProperties) = preSolution
		HideSolutionNode = FALSE
	EndGlobalSection
	GlobalSection(NestedProjects) = preSolution
		{70E81EEC-2D9B-29D2-A4AA-DB1DAB681AED} = {282354E7-D5C3-9ABC-C66B-21ED65696EE5}
	EndGlobalSection
	GlobalSection(ExtensibilityGlobals) = postSolution
		SolutionGuid = {9C982DBC-99FB-4C04-956D-17CDFC8D7955}
	EndGlobalSection
EndGlobal
